
Microsoft Visual Studio Solution File, Format Version 12.00
# Visual Studio Version 16
VisualStudioVersion = 16.0.31624.102
MinimumVisualStudioVersion = 10.0.40219.1
Project("{9A19103F-16F7-4668-BE54-9A1E7A4F7556}") = "AutoAttendance", "AutoAttendance\AutoAttendance.csproj", "{642B9B7E-9602-4E27-8FAE-F9137345FE1A}"
EndProject
Project("{2150E333-8FDC-42A3-9474-1A3956D46DE8}") = "Solution Items", "Solution Items", "{06E58B62-ED50-46AB-84D6-22C8F37A5D7B}"
	ProjectSection(SolutionItems) = preProject
		.editorconfig = .editorconfig
	EndProjectSection
EndProject
Project("{FAE04EC0-301F-11D3-BF4B-00C04F79EFBC}") = "ProxyWindow", "..\ProxyWindow\ProxyWindow.csproj", "{8DF1FD4E-AF16-46D1-A5F5-2CF254BA7AD9}"
EndProject
Global
	GlobalSection(SolutionConfigurationPlatforms) = preSolution
		Debug|Any CPU = Debug|Any CPU
		Release|Any CPU = Release|Any CPU
	EndGlobalSection
	GlobalSection(ProjectConfigurationPlatforms) = postSolution
		{642B9B7E-9602-4E27-8FAE-F9137345FE1A}.Debug|Any CPU.ActiveCfg = Debug|Any CPU
		{642B9B7E-9602-4E27-8FAE-F9137345FE1A}.Debug|Any CPU.Build.0 = Debug|Any CPU
		{642B9B7E-9602-4E27-8FAE-F9137345FE1A}.Release|Any CPU.ActiveCfg = Release|Any CPU
		{642B9B7E-9602-4E27-8FAE-F9137345FE1A}.Release|Any CPU.Build.0 = Release|Any CPU
		{8DF1FD4E-AF16-46D1-A5F5-2CF254BA7AD9}.Debug|Any CPU.ActiveCfg = Debug|Any CPU
		{8DF1FD4E-AF16-46D1-A5F5-2CF254BA7AD9}.Debug|Any CPU.Build.0 = Debug|Any CPU
		{8DF1FD4E-AF16-46D1-A5F5-2CF254BA7AD9}.Release|Any CPU.ActiveCfg = Release|Any CPU
		{8DF1FD4E-AF16-46D1-A5F5-2CF254BA7AD9}.Release|Any CPU.Build.0 = Release|Any CPU
	EndGlobalSection
	GlobalSection(SolutionProperties) = preSolution
		HideSolutionNode = FALSE
	EndGlobalSection
	GlobalSection(ExtensibilityGlobals) = postSolution
		SolutionGuid = {B91844F9-6619-42B1-A3FA-DD7206AC02F4}
	EndGlobalSection
EndGlobal
